
Microsoft Visual Studio Solution File, Format Version 10.00
# Visual Studio 2008
Project("{8BC9CEB8-8B4A-11D0-8D11-00A0C91BC942}") = "VC9build", "VC9build.vcproj", "{60F37531-F143-4E9F-87FD-E0EB156E4BC3}"
EndProject
Global
	GlobalSection(SolutionConfigurationPlatforms) = preSolution
		Debug|Win32 = Debug|Win32
		Release|Win32 = Release|Win32
	EndGlobalSection
	GlobalSection(ProjectConfigurationPlatforms) = postSolution
		{60F37531-F143-4E9F-87FD-E0EB156E4BC3}.Debug|Win32.ActiveCfg = Debug|Win32
		{60F37531-F143-4E9F-87FD-E0EB156E4BC3}.Debug|Win32.Build.0 = Debug|Win32
		{60F37531-F143-4E9F-87FD-E0EB156E4BC3}.Release|Win32.ActiveCfg = Release|Win32
		{60F37531-F143-4E9F-87FD-E0EB156E4BC3}.Release|Win32.Build.0 = Release|Win32
	EndGlobalSection
	GlobalSection(SolutionProperties) = preSolution
		HideSolutionNode = FALSE
	EndGlobalSection
EndGlobal
